
Microsoft Visual Studio Solution File, Format Version 12.00
# Visual Studio Version 16
VisualStudioVersion = 16.0.32106.194
MinimumVisualStudioVersion = 10.0.40219.1
Project("{9A19103F-16F7-4668-BE54-9A1E7A4F7556}") = "APIGatway", "APIGatway\APIGatway.csproj", "{4EC96942-7BBB-4201-953F-BB528281C5F8}"
EndProject
Project("{9A19103F-16F7-4668-BE54-9A1E7A4F7556}") = "APIGatway.Yarp", "APIGatway.Yarp\APIGatway.Yarp.csproj", "{9FD58043-5EFD-41FA-AA18-F49EDB6E9BEA}"
EndProject
Project("{9A19103F-16F7-4668-BE54-9A1E7A4F7556}") = "ApiGatway.Ocelot", "ApiGatway.Ocelot\ApiGatway.Ocelot.csproj", "{83015F01-0DB9-4DE6-90DA-B5D7CD0B4BC8}"
EndProject
Project("{9A19103F-16F7-4668-BE54-9A1E7A4F7556}") = "APIGatway.Yarp.Auth", "APIGatway.Yarp.Auth\APIGatway.Yarp.Auth.csproj", "{8B76ABDD-AD04-4744-A180-C9C7BC706BD8}"
EndProject
Project("{FAE04EC0-301F-11D3-BF4B-00C04F79EFBC}") = "APIGatway.Yarp.Auth.Metric", "APIGatway.Yarp.Auth.Metric\APIGatway.Yarp.Auth.Metric.csproj", "{DDAADDC7-5F20-4AC4-ABB1-174101266CC7}"
EndProject
Project("{2150E333-8FDC-42A3-9474-1A3956D46DE8}") = "Yarp", "Yarp", "{20D34B6F-A647-463D-9358-679D341AA03D}"
EndProject
Global
	GlobalSection(SolutionConfigurationPlatforms) = preSolution
		Debug|Any CPU = Debug|Any CPU
		Release|Any CPU = Release|Any CPU
	EndGlobalSection
	GlobalSection(ProjectConfigurationPlatforms) = postSolution
		{4EC96942-7BBB-4201-953F-BB528281C5F8}.Debug|Any CPU.ActiveCfg = Debug|Any CPU
		{4EC96942-7BBB-4201-953F-BB528281C5F8}.Debug|Any CPU.Build.0 = Debug|Any CPU
		{4EC96942-7BBB-4201-953F-BB528281C5F8}.Release|Any CPU.ActiveCfg = Release|Any CPU
		{4EC96942-7BBB-4201-953F-BB528281C5F8}.Release|Any CPU.Build.0 = Release|Any CPU
		{9FD58043-5EFD-41FA-AA18-F49EDB6E9BEA}.Debug|Any CPU.ActiveCfg = Debug|Any CPU
		{9FD58043-5EFD-41FA-AA18-F49EDB6E9BEA}.Debug|Any CPU.Build.0 = Debug|Any CPU
		{9FD58043-5EFD-41FA-AA18-F49EDB6E9BEA}.Release|Any CPU.ActiveCfg = Release|Any CPU
		{9FD58043-5EFD-41FA-AA18-F49EDB6E9BEA}.Release|Any CPU.Build.0 = Release|Any CPU
		{83015F01-0DB9-4DE6-90DA-B5D7CD0B4BC8}.Debug|Any CPU.ActiveCfg = Debug|Any CPU
		{83015F01-0DB9-4DE6-90DA-B5D7CD0B4BC8}.Debug|Any CPU.Build.0 = Debug|Any CPU
		{83015F01-0DB9-4DE6-90DA-B5D7CD0B4BC8}.Release|Any CPU.ActiveCfg = Release|Any CPU
		{83015F01-0DB9-4DE6-90DA-B5D7CD0B4BC8}.Release|Any CPU.Build.0 = Release|Any CPU
		{8B76ABDD-AD04-4744-A180-C9C7BC706BD8}.Debug|Any CPU.ActiveCfg = Debug|Any CPU
		{8B76ABDD-AD04-4744-A180-C9C7BC706BD8}.Debug|Any CPU.Build.0 = Debug|Any CPU
		{8B76ABDD-AD04-4744-A180-C9C7BC706BD8}.Release|Any CPU.ActiveCfg = Release|Any CPU
		{8B76ABDD-AD04-4744-A180-C9C7BC706BD8}.Release|Any CPU.Build.0 = Release|Any CPU
		{DDAADDC7-5F20-4AC4-ABB1-174101266CC7}.Debug|Any CPU.ActiveCfg = Debug|Any CPU
		{DDAADDC7-5F20-4AC4-ABB1-174101266CC7}.Debug|Any CPU.Build.0 = Debug|Any CPU
		{DDAADDC7-5F20-4AC4-ABB1-174101266CC7}.Release|Any CPU.ActiveCfg = Release|Any CPU
		{DDAADDC7-5F20-4AC4-ABB1-174101266CC7}.Release|Any CPU.Build.0 = Release|Any CPU
	EndGlobalSection
	GlobalSection(SolutionProperties) = preSolution
		HideSolutionNode = FALSE
	EndGlobalSection
	GlobalSection(NestedProjects) = preSolution
		{9FD58043-5EFD-41FA-AA18-F49EDB6E9BEA} = {20D34B6F-A647-463D-9358-679D341AA03D}
		{8B76ABDD-AD04-4744-A180-C9C7BC706BD8} = {20D34B6F-A647-463D-9358-679D341AA03D}
		{DDAADDC7-5F20-4AC4-ABB1-174101266CC7} = {20D34B6F-A647-463D-9358-679D341AA03D}
	EndGlobalSection
	GlobalSection(ExtensibilityGlobals) = postSolution
		SolutionGuid = {182C29C7-361B-4A3D-9A7F-C8CA0B23F25F}
	EndGlobalSection
EndGlobal
